PODS:
  - Flutter (1.0.0)
  - flutter_kronos (0.0.1):
    - Flutter
    - Kronos (= 4.1.0)
  - flutter_local_notifications (0.0.1):
    - Flutter
  - Kronos (4.1.0)

DEPENDENCIES:
  - Flutter (from `Flutter`)
  - flutter_kronos (from `.symlinks/plugins/flutter_kronos/ios`)
  - flutter_local_notifications (from `.symlinks/plugins/flutter_local_notifications/ios`)

SPEC REPOS:
  trunk:
    - Kronos

EXTERNAL SOURCES:
  Flutter:
    :path: Flutter
  flutter_kronos:
    :path: ".symlinks/plugins/flutter_kronos/ios"
  flutter_local_notifications:
    :path: ".symlinks/plugins/flutter_local_notifications/ios"

SPEC CHECKSUMS:
  Flutter: cabc95a1d2626b1b06e7179b784ebcf0c0cde467
  flutter_kronos: c27a805f5f0dc00932c840ebadabde71c3a7d520
  flutter_local_notifications: 395056b3175ba4f08480a7c5de30cd36d69827e4
  Kronos: d67579565469f57fae67ac7985c3881738f02075

PODFILE CHECKSUM: 2a84ceac9d7f7522389c167d21c8744e7209e1d1

COCOAPODS: 1.16.2
